<?xml version="1.0" encoding="utf-8"?>
<Project ToolsVersion="4.0" xmlns="http://schemas.microsoft.com/developer/msbuild/2003">
  <ItemGroup>
    <Filter Include="源文件">
      <UniqueIdentifier>{4FC737F1-C7A5-4376-A066-2A32D752A2FF}</UniqueIdentifier>
      <Extensions>cpp;c;cc;cxx;def;odl;idl;hpj;bat;asm;asmx</Extensions>
    </Filter>
    <Filter Include="头文件">
      <UniqueIdentifier>{93995380-89BD-4b04-88EB-625FBE52EBFB}</UniqueIdentifier>
      <Extensions>h;hh;hpp;hxx;hm;inl;inc;ipp;xsd</Extensions>
    </Filter>
    <Filter Include="资源文件">
      <UniqueIdentifier>{67DA6AB6-F800-4c08-8B7A-83BB121AAD01}</UniqueIdentifier>
      <Extensions>rc;ico;cur;bmp;dlg;rc2;rct;bin;rgs;gif;jpg;jpeg;jpe;resx;tiff;tif;png;wav;mfcribbon-ms</Extensions>
    </Filter>
    <Filter Include="Shape">
      <UniqueIdentifier>{9d66de14-30a8-4ef3-bc4e-44958a1b2539}</UniqueIdentifier>
    </Filter>
    <Filter Include="Material">
      <UniqueIdentifier>{021f2708-6955-4e84-8edb-c893167ffd58}</UniqueIdentifier>
    </Filter>
    <Filter Include="BRDF">
      <UniqueIdentifier>{80f8f6c5-1f6a-4591-bb8d-a0e5c2bab864}</UniqueIdentifier>
    </Filter>
    <Filter Include="Light">
      <UniqueIdentifier>{7f8322cf-9262-4db0-9f8a-21de0ddae837}</UniqueIdentifier>
    </Filter>
    <Filter Include="Acceleration">
      <UniqueIdentifier>{92092fc8-4c1a-4aa0-ada5-658aae207e6c}</UniqueIdentifier>
    </Filter>
  </ItemGroup>
  <ItemGroup>
    <ClCompile Include="Math.cpp">
      <Filter>源文件</Filter>
    </ClCompile>
    <ClCompile Include="stdafx.cpp">
      <Filter>源文件</Filter>
    </ClCompile>
    <ClCompile Include="util.cpp">
      <Filter>源文件</Filter>
    </ClCompile>
    <ClCompile Include="Ray.cpp">
      <Filter>源文件</Filter>
    </ClCompile>
    <ClCompile Include="Camera.cpp">
      <Filter>源文件</Filter>
    </ClCompile>
    <ClCompile Include="Plane.cpp">
      <Filter>Shape</Filter>
    </ClCompile>
    <ClCompile Include="Shape.cpp">
      <Filter>Shape</Filter>
    </ClCompile>
    <ClCompile Include="Sphere.cpp">
      <Filter>Shape</Filter>
    </ClCompile>
    <ClCompile Include="World.cpp">
      <Filter>源文件</Filter>
    </ClCompile>
    <ClCompile Include="ShadeInfo.cpp">
      <Filter>源文件</Filter>
    </ClCompile>
    <ClCompile Include="main.cpp">
      <Filter>源文件</Filter>
    </ClCompile>
    <ClCompile Include="Cylinder.cpp">
      <Filter>Shape</Filter>
    </ClCompile>
    <ClCompile Include="Sampler.cpp">
      <Filter>源文件</Filter>
    </ClCompile>
    <ClCompile Include="MultiJittered.cpp">
      <Filter>源文件</Filter>
    </ClCompile>
    <ClCompile Include="MeshObject.cpp">
      <Filter>Shape</Filter>
    </ClCompile>
    <ClCompile Include="tiny_obj_loader.cpp">
      <Filter>源文件</Filter>
    </ClCompile>
    <ClCompile Include="Emissive.cpp">
      <Filter>Material</Filter>
    </ClCompile>
    <ClCompile Include="GlossySpecular.cpp">
      <Filter>BRDF</Filter>
    </ClCompile>
    <ClCompile Include="GlossyReflector.cpp">
      <Filter>Material</Filter>
    </ClCompile>
    <ClCompile Include="PerfectReflect.cpp">
      <Filter>Material</Filter>
    </ClCompile>
    <ClCompile Include="Material.cpp">
      <Filter>Material</Filter>
    </ClCompile>
    <ClCompile Include="BRDF.cpp">
      <Filter>BRDF</Filter>
    </ClCompile>
    <ClCompile Include="Matte.cpp">
      <Filter>Material</Filter>
    </ClCompile>
    <ClCompile Include="Checker.cpp">
      <Filter>Material</Filter>
    </ClCompile>
    <ClCompile Include="Acceleration.cpp">
      <Filter>Acceleration</Filter>
    </ClCompile>
    <ClCompile Include="BVH.cpp">
      <Filter>Acceleration</Filter>
    </ClCompile>
    <ClCompile Include="Extent.cpp">
      <Filter>Acceleration</Filter>
    </ClCompile>
    <ClCompile Include="BoundingBox.cpp">
      <Filter>Acceleration</Filter>
    </ClCompile>
  </ItemGroup>
  <ItemGroup>
    <ClInclude Include="Math.h">
      <Filter>头文件</Filter>
    </ClInclude>
    <ClInclude Include="stdafx.h">
      <Filter>头文件</Filter>
    </ClInclude>
    <ClInclude Include="util.h">
      <Filter>头文件</Filter>
    </ClInclude>
    <ClInclude Include="common.h">
      <Filter>头文件</Filter>
    </ClInclude>
    <ClInclude Include="Vec2.h">
      <Filter>头文件</Filter>
    </ClInclude>
    <ClInclude Include="Vec3.h">
      <Filter>头文件</Filter>
    </ClInclude>
    <ClInclude Include="Vec4.h">
      <Filter>头文件</Filter>
    </ClInclude>
    <ClInclude Include="Ray.h">
      <Filter>头文件</Filter>
    </ClInclude>
    <ClInclude Include="Camera.h">
      <Filter>头文件</Filter>
    </ClInclude>
    <ClInclude Include="Plane.h">
      <Filter>Shape</Filter>
    </ClInclude>
    <ClInclude Include="Shape.h">
      <Filter>Shape</Filter>
    </ClInclude>
    <ClInclude Include="Sphere.h">
      <Filter>Shape</Filter>
    </ClInclude>
    <ClInclude Include="World.h">
      <Filter>头文件</Filter>
    </ClInclude>
    <ClInclude Include="Singleton.h">
      <Filter>头文件</Filter>
    </ClInclude>
    <ClInclude Include="ShadeInfo.h">
      <Filter>头文件</Filter>
    </ClInclude>
    <ClInclude Include="Cylinder.h">
      <Filter>Shape</Filter>
    </ClInclude>
    <ClInclude Include="Sampler.h">
      <Filter>头文件</Filter>
    </ClInclude>
    <ClInclude Include="MultiJittered.h">
      <Filter>头文件</Filter>
    </ClInclude>
    <ClInclude Include="tiny_obj_loader.h">
      <Filter>头文件</Filter>
    </ClInclude>
    <ClInclude Include="MeshObject.h">
      <Filter>Shape</Filter>
    </ClInclude>
    <ClInclude Include="Matte.h">
      <Filter>Material</Filter>
    </ClInclude>
    <ClInclude Include="GlossySpecular.h">
      <Filter>BRDF</Filter>
    </ClInclude>
    <ClInclude Include="BRDF.h">
      <Filter>BRDF</Filter>
    </ClInclude>
    <ClInclude Include="Material.h">
      <Filter>Material</Filter>
    </ClInclude>
    <ClInclude Include="PerfectReflect.h">
      <Filter>Material</Filter>
    </ClInclude>
    <ClInclude Include="GlossyReflector.h">
      <Filter>Material</Filter>
    </ClInclude>
    <ClInclude Include="Emissive.h">
      <Filter>Material</Filter>
    </ClInclude>
    <ClInclude Include="Checker.h">
      <Filter>Material</Filter>
    </ClInclude>
    <ClInclude Include="BVH.h">
      <Filter>Acceleration</Filter>
    </ClInclude>
    <ClInclude Include="Acceleration.h">
      <Filter>Acceleration</Filter>
    </ClInclude>
    <ClInclude Include="BBox.h">
      <Filter>Acceleration</Filter>
    </ClInclude>
    <ClInclude Include="Extent.h">
      <Filter>Acceleration</Filter>
    </ClInclude>
    <ClInclude Include="BoundingBox.h">
      <Filter>Acceleration</Filter>
    </ClInclude>
  </ItemGroup>
</Project>